
Microsoft Visual Studio Solution File, Format Version 12.00
# Visual Studio 15
VisualStudioVersion = 15.0.27428.2037
MinimumVisualStudioVersion = 10.0.40219.1
Project("{FAE04EC0-301F-11D3-BF4B-00C04F79EFBC}") = "ProyecCarritoCompra", "ProyecCarritoCompra\ProyecCarritoCompra.csproj", "{30C5CD2F-35E5-4655-9FF6-871AC6D98FC3}"
EndProject
Global
	GlobalSection(SolutionConfigurationPlatforms) = preSolution
		Debug|Any CPU = Debug|Any CPU
		Release|Any CPU = Release|Any CPU
	EndGlobalSection
	GlobalSection(ProjectConfigurationPlatforms) = postSolution
		{30C5CD2F-35E5-4655-9FF6-871AC6D98FC3}.Debug|Any CPU.ActiveCfg = Debug|Any CPU
		{30C5CD2F-35E5-4655-9FF6-871AC6D98FC3}.Debug|Any CPU.Build.0 = Debug|Any CPU
		{30C5CD2F-35E5-4655-9FF6-871AC6D98FC3}.Release|Any CPU.ActiveCfg = Release|Any CPU
		{30C5CD2F-35E5-4655-9FF6-871AC6D98FC3}.Release|Any CPU.Build.0 = Release|Any CPU
	EndGlobalSection
	GlobalSection(SolutionProperties) = preSolution
		HideSolutionNode = FALSE
	EndGlobalSection
	GlobalSection(ExtensibilityGlobals) = postSolution
		SolutionGuid = {2DA02410-987B-4A7D-9EA2-64DC7CFB830F}
	EndGlobalSection
EndGlobal
